
Microsoft Visual Studio Solution File, Format Version 12.00
# Visual Studio Version 16
VisualStudioVersion = 16.0.30907.101
MinimumVisualStudioVersion = 10.0.40219.1
Project("{FAE04EC0-301F-11D3-BF4B-00C04F79EFBC}") = "CSharpSample", "CSharpSample\CSharpSample.csproj", "{7B59C6EA-6888-4BEB-9401-9F08576C464B}"
EndProject
Global
	GlobalSection(SolutionConfigurationPlatforms) = preSolution
		Debug|Any CPU = Debug|Any CPU
		Release|Any CPU = Release|Any CPU
	EndGlobalSection
	GlobalSection(ProjectConfigurationPlatforms) = postSolution
		{7B59C6EA-6888-4BEB-9401-9F08576C464B}.Debug|Any CPU.ActiveCfg = Debug|Any CPU
		{7B59C6EA-6888-4BEB-9401-9F08576C464B}.Debug|Any CPU.Build.0 = Debug|Any CPU
		{7B59C6EA-6888-4BEB-9401-9F08576C464B}.Release|Any CPU.ActiveCfg = Release|Any CPU
		{7B59C6EA-6888-4BEB-9401-9F08576C464B}.Release|Any CPU.Build.0 = Release|Any CPU
	EndGlobalSection
	GlobalSection(SolutionProperties) = preSolution
		HideSolutionNode = FALSE
	EndGlobalSection
	GlobalSection(ExtensibilityGlobals) = postSolution
		SolutionGuid = {75BE0407-BF37-4FDD-97B6-21F7EF2C8BA4}
	EndGlobalSection
EndGlobal
